filippo.io/edwards25519 v1.2.0 h1:crnVqOiS4jqYleHd9vaKZ+HKtHfllngJIiOpNpoJsjo=
filippo.io/edwards25519 v1.2.0/go.mod h1:xzAOLCNug/yB62zG1bQ8uziwrIqIuxhctzJT18Q77mc=
github.com/go-sql-driver/mysql v1.10.0 h1:Q+1LV8DkHJvSYAdR83XzuhDaTykuDx0l6fkXxoWCWfw=
github.com/go-sql-driver/mysql v1.10.0/go.mod h1:M+cqaI7+xxXGG9swrdeUIoPG3Y3KCkF0pZej+SK+nWk=
github.com/x64c/gw v0.1.34 h1:3dW2Amxis7/2pyVXAfkXuW6CCxGYY0sEaizF3LuccS0=
github.com/x64c/gw v0.1.34/go.mod h1:S9YzbrEuaePQbhFOkBhGA05+Xb7gMDt4F+7oqFe5BYE=
